// !$*UTF8*$!
{
	archiveVersion = 1;
	classes = {
	};
	objectVersion = 56;
	objects = {

/* Begin PBXBuildFile section */
		18B3D95B29D734D0003F22C1 /* WriteItApp.swift in Sources */ = {isa = PBXBuildFile; fileRef = 18B3D95A29D734D0003F22C1 /* WriteItApp.swift */; };
		18B3D95D29D734D0003F22C1 /* ContentView.swift in Sources */ = {isa = PBXBuildFile; fileRef = 18B3D95C29D734D0003F22C1 /* ContentView.swift */; };
		18B3D95F29D734D6003F22C1 /* Assets.xcassets in Resources */ = {isa = PBXBuildFile; fileRef = 18B3D95E29D734D6003F22C1 /* Assets.xcassets */; };
		18B3D96229D734D6003F22C1 /* Preview Assets.xcassets in Resources */ = {isa = PBXBuildFile; fileRef = 18B3D96129D734D6003F22C1 /* Preview Assets.xcassets */; };
		18B3D96D29D734D7003F22C1 /* WriteItTests.swift in Sources */ = {isa = PBXBuildFile; fileRef = 18B3D96C29D734D7003F22C1 /* WriteItTests.swift */; };
		18B3D97729D734D7003F22C1 /* WriteItUITests.swift in Sources */ = {isa = PBXBuildFile; fileRef = 18B3D97629D734D7003F22C1 /* WriteItUITests.swift */; };
		18B3D97929D734D7003F22C1 /* WriteItUITestsLaunchTests.swift in Sources */ = {isa = PBXBuildFile; fileRef = 18B3D97829D734D7003F22C1 /* WriteItUITestsLaunchTests.swift */; };
/* End PBXBuildFile section */

/* Begin PBXContainerItemProxy section */
		18B3D96929D734D7003F22C1 /* PBXContainerItemProxy */ = {
			isa = PBXContainerItemProxy;
			containerPortal = 18B3D94F29D734CF003F22C1 /* Project object */;
			proxyType = 1;
			remoteGlobalIDString = 18B3D95629D734D0003F22C1;
			remoteInfo = WriteIt;
		};
		18B3D97329D734D7003F22C1 /* PBXContainerItemProxy */ = {
			isa = PBXContainerItemProxy;
			containerPortal = 18B3D94F29D734CF003F22C1 /* Project object */;
			proxyType = 1;
			remoteGlobalIDString = 18B3D95629D734D0003F22C1;
			remoteInfo = WriteIt;
		};
/* End PBXContainerItemProxy section */

/* Begin PBXFileReference section */
		18B3D95729D734D0003F22C1 /* WriteIt.app */ = {isa = PBXFileReference; explicitFileType = wrapper.application; includeInIndex = 0; path = WriteIt.app; sourceTree = BUILT_PRODUCTS_DIR; };
		18B3D95A29D734D0003F22C1 /* WriteItApp.swift */ = {isa = PBXFileReference; lastKnownFileType = sourcecode.swift; path = WriteItApp.swift; sourceTree = "<group>"; };
		18B3D95C29D734D0003F22C1 /* ContentView.swift */ = {isa = PBXFileReference; lastKnownFileType = sourcecode.swift; path = ContentView.swift; sourceTree = "<group>"; };
		18B3D95E29D734D6003F22C1 /* Assets.xcassets */ = {isa = PBXFileReference; lastKnownFileType = folder.assetcatalog; path = Assets.xcassets; sourceTree = "<group>"; };
		18B3D96129D734D6003F22C1 /* Preview Assets.xcassets */ = {isa = PBXFileReference; lastKnownFileType = folder.assetcatalog; path = "Preview Assets.xcassets"; sourceTree = "<group>"; };
		18B3D96329D734D6003F22C1 /* WriteIt.entitlements */ = {isa = PBXFileReference; lastKnownFileType = text.plist.entitlements; path = WriteIt.entitlements; sourceTree = "<group>"; };
		18B3D96829D734D7003F22C1 /* WriteItTests.xctest */ = {isa = PBXFileReference; explicitFileType = wrapper.cfbundle; includeInIndex = 0; path = WriteItTests.xctest; sourceTree = BUILT_PRODUCTS_DIR; };
		18B3D96C29D734D7003F22C1 /* WriteItTests.swift */ = {isa = PBXFileReference; lastKnownFileType = sourcecode.swift; path = WriteItTests.swift; sourceTree = "<group>"; };
		18B3D97229D734D7003F22C1 /* WriteItUITests.xctest */ = {isa = PBXFileReference; explicitFileType = wrapper.cfbundle; includeInIndex = 0; path = WriteItUITests.xctest; sourceTree = BUILT_PRODUCTS_DIR; };
		18B3D97629D734D7003F22C1 /* WriteItUITests.swift */ = {isa = PBXFileReference; lastKnownFileType = sourcecode.swift; path = WriteItUITests.swift; sourceTree = "<group>"; };
		18B3D97829D734D7003F22C1 /* WriteItUITestsLaunchTests.swift */ = {isa = PBXFileReference; lastKnownFileType = sourcecode.swift; path = WriteItUITestsLaunchTests.swift; sourceTree = "<group>"; };
/* End PBXFileReference section */

/* Begin PBXFrameworksBuildPhase section */
		18B3D95429D734D0003F22C1 /* Frameworks */ = {
			isa = PBXFrameworksBuildPhase;
			buildActionMask = 2147483647;
			files = (
			);
			runOnlyForDeploymentPostprocessing = 0;
		};
		18B3D96529D734D7003F22C1 /* Frameworks */ = {
			isa = PBXFrameworksBuildPhase;
			buildActionMask = 2147483647;
			files = (
			);
			runOnlyForDeploymentPostprocessing = 0;
		};
		18B3D96F29D734D7003F22C1 /* Frameworks */ = {
			isa = PBXFrameworksBuildPhase;
			buildActionMask = 2147483647;
			files = (
			);
			runOnlyForDeploymentPostprocessing = 0;
		};
/* End PBXFrameworksBuildPhase section */

/* Begin PBXGroup section */
		18B3D94E29D734CF003F22C1 = {
			isa = PBXGroup;
			children = (
				18B3D95929D734D0003F22C1 /* WriteIt */,
				18B3D96B29D734D7003F22C1 /* WriteItTests */,
				18B3D97529D734D7003F22C1 /* WriteItUITests */,
				18B3D95829D734D0003F22C1 /* Products */,
			);
			sourceTree = "<group>";
		};
		18B3D95829D734D0003F22C1 /* Products */ = {
			isa = PBXGroup;
			children = (
				18B3D95729D734D0003F22C1 /* WriteIt.app */,
				18B3D96829D734D7003F22C1 /* WriteItTests.xctest */,
				18B3D97229D734D7003F22C1 /* WriteItUITests.xctest */,
			);
			name = Products;
			sourceTree = "<group>";
		};
		18B3D95929D734D0003F22C1 /* WriteIt */ = {
			isa = PBXGroup;
			children = (
				18B3D95A29D734D0003F22C1 /* WriteItApp.swift */,
				18B3D95C29D734D0003F22C1 /* ContentView.swift */,
				18B3D95E29D734D6003F22C1 /* Assets.xcassets */,
				18B3D96329D734D6003F22C1 /* WriteIt.entitlements */,
				18B3D96029D734D6003F22C1 /* Preview Content */,
			);
			path = WriteIt;
			sourceTree = "<group>";
		};
		18B3D96029D734D6003F22C1 /* Preview Content */ = {
			isa = PBXGroup;
			children = (
				18B3D96129D734D6003F22C1 /* Preview Assets.xcassets */,
			);
			path = "Preview Content";
			sourceTree = "<group>";
		};
		18B3D96B29D734D7003F22C1 /* WriteItTests */ = {
			isa = PBXGroup;
			children = (
				18B3D96C29D734D7003F22C1 /* WriteItTests.swift */,
			);
			path = WriteItTests;
			sourceTree = "<group>";
		};
		18B3D97529D734D7003F22C1 /* WriteItUITests */ = {
			isa = PBXGroup;
			children = (
				18B3D97629D734D7003F22C1 /* WriteItUITests.swift */,
				18B3D97829D734D7003F22C1 /* WriteItUITestsLaunchTests.swift */,
			);
			path = WriteItUITests;
			sourceTree = "<group>";
		};
/* End PBXGroup section */

/* Begin PBXNativeTarget section */
		18B3D95629D734D0003F22C1 /* WriteIt */ = {
			isa = PBXNativeTarget;
			buildConfigurationList = 18B3D97C29D734D7003F22C1 /* Build configuration list for PBXNativeTarget "WriteIt" */;
			buildPhases = (
				18B3D95329D734D0003F22C1 /* Sources */,
				18B3D95429D734D0003F22C1 /* Frameworks */,
				18B3D95529D734D0003F22C1 /* Resources */,
			);
			buildRules = (
			);
			dependencies = (
			);
			name = WriteIt;
			productName = WriteIt;
			productReference = 18B3D95729D734D0003F22C1 /* WriteIt.app */;
			productType = "com.apple.product-type.application";
		};
		18B3D96729D734D7003F22C1 /* WriteItTests */ = {
			isa = PBXNativeTarget;
			buildConfigurationList = 18B3D97F29D734D7003F22C1 /* Build configuration list for PBXNativeTarget "WriteItTests" */;
			buildPhases = (
				18B3D96429D734D7003F22C1 /* Sources */,
				18B3D96529D734D7003F22C1 /* Frameworks */,
				18B3D96629D734D7003F22C1 /* Resources */,
			);
			buildRules = (
			);
			dependencies = (
				18B3D96A29D734D7003F22C1 /* PBXTargetDependency */,
			);
			name = WriteItTests;
			productName = WriteItTests;
			productReference = 18B3D96829D734D7003F22C1 /* WriteItTests.xctest */;
			productType = "com.apple.product-type.bundle.unit-test";
		};
		18B3D97129D734D7003F22C1 /* WriteItUITests */ = {
			isa = PBXNativeTarget;
			buildConfigurationList = 18B3D98229D734D7003F22C1 /* Build configuration list for PBXNativeTarget "WriteItUITests" */;
			buildPhases = (
				18B3D96E29D734D7003F22C1 /* Sources */,
				18B3D96F29D734D7003F22C1 /* Frameworks */,
				18B3D97029D734D7003F22C1 /* Resources */,
			);
			buildRules = (
			);
			dependencies = (
				18B3D97429D734D7003F22C1 /* PBXTargetDependency */,
			);
			name = WriteItUITests;
			productName = WriteItUITests;
			productReference = 18B3D97229D734D7003F22C1 /* WriteItUITests.xctest */;
			productType = "com.apple.product-type.bundle.ui-testing";
		};
/* End PBXNativeTarget section */

/* Begin PBXProject section */
		18B3D94F29D734CF003F22C1 /* Project object */ = {
			isa = PBXProject;
			attributes = {
				BuildIndependentTargetsInParallel = 1;
				LastSwiftUpdateCheck = 1420;
				LastUpgradeCheck = 1420;
				TargetAttributes = {
					18B3D95629D734D0003F22C1 = {
						CreatedOnToolsVersion = 14.2;
					};
					18B3D96729D734D7003F22C1 = {
						CreatedOnToolsVersion = 14.2;
						TestTargetID = 18B3D95629D734D0003F22C1;
					};
					18B3D97129D734D7003F22C1 = {
						CreatedOnToolsVersion = 14.2;
						TestTargetID = 18B3D95629D734D0003F22C1;
					};
				};
			};
			buildConfigurationList = 18B3D95229D734CF003F22C1 /* Build configuration list for PBXProject "WriteIt" */;
			compatibilityVersion = "Xcode 14.0";
			developmentRegion = en;
			hasScannedForEncodings = 0;
			knownRegions = (
				en,
				Base,
			);
			mainGroup = 18B3D94E29D734CF003F22C1;
			productRefGroup = 18B3D95829D734D0003F22C1 /* Products */;
			projectDirPath = "";
			projectRoot = "";
			targets = (
				18B3D95629D734D0003F22C1 /* WriteIt */,
				18B3D96729D734D7003F22C1 /* WriteItTests */,
				18B3D97129D734D7003F22C1 /* WriteItUITests */,
			);
		};
/* End PBXProject section */

/* Begin PBXResourcesBuildPhase section */
		18B3D95529D734D0003F22C1 /* Resources */ = {
			isa = PBXResourcesBuildPhase;
			buildActionMask = 2147483647;
			files = (
				18B3D96229D734D6003F22C1 /* Preview Assets.xcassets in Resources */,
				18B3D95F29D734D6003F22C1 /* Assets.xcassets in Resources */,
			);
			runOnlyForDeploymentPostprocessing = 0;
		};
		18B3D96629D734D7003F22C1 /* Resources */ = {
			isa = PBXResourcesBuildPhase;
			buildActionMask = 2147483647;
			files = (
			);
			runOnlyForDeploymentPostprocessing = 0;
		};
		18B3D97029D734D7003F22C1 /* Resources */ = {
			isa = PBXResourcesBuildPhase;
			buildActionMask = 2147483647;
			files = (
			);
			runOnlyForDeploymentPostprocessing = 0;
		};
/* End PBXResourcesBuildPhase section */

/* Begin PBXSourcesBuildPhase section */
		18B3D95329D734D0003F22C1 /* Sources */ = {
			isa = PBXSourcesBuildPhase;
			buildActionMask = 2147483647;
			files = (
				18B3D95D29D734D0003F22C1 /* ContentView.swift in Sources */,
				18B3D95B29D734D0003F22C1 /* WriteItApp.swift in Sources */,
			);
			runOnlyForDeploymentPostprocessing = 0;
		};
		18B3D96429D734D7003F22C1 /* Sources */ = {
			isa = PBXSourcesBuildPhase;
			buildActionMask = 2147483647;
			files = (
				18B3D96D29D734D7003F22C1 /* WriteItTests.swift in Sources */,
			);
			runOnlyForDeploymentPostprocessing = 0;
		};
		18B3D96E29D734D7003F22C1 /* Sources */ = {
			isa = PBXSourcesBuildPhase;
			buildActionMask = 2147483647;
			files = (
				18B3D97729D734D7003F22C1 /* WriteItUITests.swift in Sources */,
				18B3D97929D734D7003F22C1 /* WriteItUITestsLaunchTests.swift in Sources */,
			);
			runOnlyForDeploymentPostprocessing = 0;
		};
/* End PBXSourcesBuildPhase section */

/* Begin PBXTargetDependency section */
		18B3D96A29D734D7003F22C1 /* PBXTargetDependency */ = {
			isa = PBXTargetDependency;
			target = 18B3D95629D734D0003F22C1 /* WriteIt */;
			targetProxy = 18B3D96929D734D7003F22C1 /* PBXContainerItemProxy */;
		};
		18B3D97429D734D7003F22C1 /* PBXTargetDependency */ = {
			isa = PBXTargetDependency;
			target = 18B3D95629D734D0003F22C1 /* WriteIt */;
			targetProxy = 18B3D97329D734D7003F22C1 /* PBXContainerItemProxy */;
		};
/* End PBXTargetDependency section */

/* Begin XCBuildConfiguration section */
		18B3D97A29D734D7003F22C1 /* Debug */ = {
			isa = XCBuildConfiguration;
			buildSettings = {
				ALWAYS_SEARCH_USER_PATHS = NO;
				CLANG_ANALYZER_NONNULL = YES;
				CLANG_ANALYZER_NUMBER_OBJECT_CONVERSION = YES_AGGRESSIVE;
				CLANG_CXX_LANGUAGE_STANDARD = "gnu++20";
				CLANG_ENABLE_MODULES = YES;
				CLANG_ENABLE_OBJC_ARC = YES;
				CLANG_ENABLE_OBJC_WEAK = YES;
				CLANG_WARN_BLOCK_CAPTURE_AUTORELEASING = YES;
				CLANG_WARN_BOOL_CONVERSION = YES;
				CLANG_WARN_COMMA = YES;
				CLANG_WARN_CONSTANT_CONVERSION = YES;
				CLANG_WARN_DEPRECATED_OBJC_IMPLEMENTATIONS = YES;
				CLANG_WARN_DIRECT_OBJC_ISA_USAGE = YES_ERROR;
				CLANG_WARN_DOCUMENTATION_COMMENTS = YES;
				CLANG_WARN_EMPTY_BODY = YES;
				CLANG_WARN_ENUM_CONVERSION = YES;
				CLANG_WARN_INFINITE_RECURSION = YES;
				CLANG_WARN_INT_CONVERSION = YES;
				CLANG_WARN_NON_LITERAL_NULL_CONVERSION = YES;
				CLANG_WARN_OBJC_IMPLICIT_RETAIN_SELF = YES;
				CLANG_WARN_OBJC_LITERAL_CONVERSION = YES;
				CLANG_WARN_OBJC_ROOT_CLASS = YES_ERROR;
				CLANG_WARN_QUOTED_INCLUDE_IN_FRAMEWORK_HEADER = YES;
				CLANG_WARN_RANGE_LOOP_ANALYSIS = YES;
				CLANG_WARN_STRICT_PROTOTYPES = YES;
				CLANG_WARN_SUSPICIOUS_MOVE = YES;
				CLANG_WARN_UNGUARDED_AVAILABILITY = YES_AGGRESSIVE;
				CLANG_WARN_UNREACHABLE_CODE = YES;
				CLANG_WARN__DUPLICATE_METHOD_MATCH = YES;
				COPY_PHASE_STRIP = NO;
				DEBUG_INFORMATION_FORMAT = dwarf;
				ENABLE_STRICT_OBJC_MSGSEND = YES;
				ENABLE_TESTABILITY = YES;
				GCC_C_LANGUAGE_STANDARD = gnu11;
				GCC_DYNAMIC_NO_PIC = NO;
				GCC_NO_COMMON_BLOCKS = YES;
				GCC_OPTIMIZATION_LEVEL = 0;
				GCC_PREPROCESSOR_DEFINITIONS = (
					"DEBUG=1",
					"$(inherited)",
				);
				GCC_WARN_64_TO_32_BIT_CONVERSION = YES;
				GCC_WARN_ABOUT_RETURN_TYPE = YES_ERROR;
				GCC_WARN_UNDECLARED_SELECTOR = YES;
				GCC_WARN_UNINITIALIZED_AUTOS = YES_AGGRESSIVE;
				GCC_WARN_UNUSED_FUNCTION = YES;
				GCC_WARN_UNUSED_VARIABLE = YES;
				MACOSX_DEPLOYMENT_TARGET = 12.6;
				MTL_ENABLE_DEBUG_INFO = INCLUDE_SOURCE;
				MTL_FAST_MATH = YES;
				ONLY_ACTIVE_ARCH = YES;
				SDKROOT = macosx;
				SWIFT_ACTIVE_COMPILATION_CONDITIONS = DEBUG;
				SWIFT_OPTIMIZATION_LEVEL = "-Onone";
			};
			name = Debug;
		};
		18B3D97B29D734D7003F22C1 /* Release */ = {
			isa = XCBuildConfiguration;
			buildSettings = {
				ALWAYS_SEARCH_USER_PATHS = NO;
				CLANG_ANALYZER_NONNULL = YES;
				CLANG_ANALYZER_NUMBER_OBJECT_CONVERSION = YES_AGGRESSIVE;
				CLANG_CXX_LANGUAGE_STANDARD = "gnu++20";
				CLANG_ENABLE_MODULES = YES;
				CLANG_ENABLE_OBJC_ARC = YES;
				CLANG_ENABLE_OBJC_WEAK = YES;
				CLANG_WARN_BLOCK_CAPTURE_AUTORELEASING = YES;
				CLANG_WARN_BOOL_CONVERSION = YES;
				CLANG_WARN_COMMA = YES;
				CLANG_WARN_CONSTANT_CONVERSION = YES;
				CLANG_WARN_DEPRECATED_OBJC_IMPLEMENTATIONS = YES;
				CLANG_WARN_DIRECT_OBJC_ISA_USAGE = YES_ERROR;
				CLANG_WARN_DOCUMENTATION_COMMENTS = YES;
				CLANG_WARN_EMPTY_BODY = YES;
				CLANG_WARN_ENUM_CONVERSION = YES;
				CLANG_WARN_INFINITE_RECURSION = YES;
				CLANG_WARN_INT_CONVERSION = YES;
				CLANG_WARN_NON_LITERAL_NULL_CONVERSION = YES;
				CLANG_WARN_OBJC_IMPLICIT_RETAIN_SELF = YES;
				CLANG_WARN_OBJC_LITERAL_CONVERSION = YES;
				CLANG_WARN_OBJC_ROOT_CLASS = YES_ERROR;
				CLANG_WARN_QUOTED_INCLUDE_IN_FRAMEWORK_HEADER = YES;
				CLANG_WARN_RANGE_LOOP_ANALYSIS = YES;
				CLANG_WARN_STRICT_PROTOTYPES = YES;
				CLANG_WARN_SUSPICIOUS_MOVE = YES;
				CLANG_WARN_UNGUARDED_AVAILABILITY = YES_AGGRESSIVE;
				CLANG_WARN_UNREACHABLE_CODE = YES;
				CLANG_WARN__DUPLICATE_METHOD_MATCH = YES;
				COPY_PHASE_STRIP = NO;
				DEBUG_INFORMATION_FORMAT = "dwarf-with-dsym";
				ENABLE_NS_ASSERTIONS = NO;
				ENABLE_STRICT_OBJC_MSGSEND = YES;
				GCC_C_LANGUAGE_STANDARD = gnu11;
				GCC_NO_COMMON_BLOCKS = YES;
				GCC_WARN_64_TO_32_BIT_CONVERSION = YES;
				GCC_WARN_ABOUT_RETURN_TYPE = YES_ERROR;
				GCC_WARN_UNDECLARED_SELECTOR = YES;
				GCC_WARN_UNINITIALIZED_AUTOS = YES_AGGRESSIVE;
				GCC_WARN_UNUSED_FUNCTION = YES;
				GCC_WARN_UNUSED_VARIABLE = YES;
				MACOSX_DEPLOYMENT_TARGET = 12.6;
				MTL_ENABLE_DEBUG_INFO = NO;
				MTL_FAST_MATH = YES;
				SDKROOT = macosx;
				SWIFT_COMPILATION_MODE = wholemodule;
				SWIFT_OPTIMIZATION_LEVEL = "-O";
			};
			name = Release;
		};
		18B3D97D29D734D7003F22C1 /* Debug */ = {
			isa = XCBuildConfiguration;
			buildSettings = {
				ASSETCATALOG_COMPILER_APPICON_NAME = AppIcon;
				ASSETCATALOG_COMPILER_GLOBAL_ACCENT_COLOR_NAME = AccentColor;
				CODE_SIGN_ENTITLEMENTS = WriteIt/WriteIt.entitlements;
				CODE_SIGN_STYLE = Automatic;
				COMBINE_HIDPI_IMAGES = YES;
				CURRENT_PROJECT_VERSION = 1;
				DEVELOPMENT_ASSET_PATHS = "\"WriteIt/Preview Content\"";
				ENABLE_PREVIEWS = YES;
				GENERATE_INFOPLIST_FILE = YES;
				INFOPLIST_KEY_NSHumanReadableCopyright = "";
				LD_RUNPATH_SEARCH_PATHS = (
					"$(inherited)",
					"@executable_path/../Frameworks",
				);
				MARKETING_VERSION = 1.0;
				PRODUCT_BUNDLE_IDENTIFIER = com.WriteIt;
				PRODUCT_NAME = "$(TARGET_NAME)";
				SWIFT_EMIT_LOC_STRINGS = YES;
				SWIFT_VERSION = 5.0;
			};
			name = Debug;
		};
		18B3D97E29D734D7003F22C1 /* Release */ = {
			isa = XCBuildConfiguration;
			buildSettings = {
				ASSETCATALOG_COMPILER_APPICON_NAME = AppIcon;
				ASSETCATALOG_COMPILER_GLOBAL_ACCENT_COLOR_NAME = AccentColor;
				CODE_SIGN_ENTITLEMENTS = WriteIt/WriteIt.entitlements;
				CODE_SIGN_STYLE = Automatic;
				COMBINE_HIDPI_IMAGES = YES;
				CURRENT_PROJECT_VERSION = 1;
				DEVELOPMENT_ASSET_PATHS = "\"WriteIt/Preview Content\"";
				ENABLE_PREVIEWS = YES;
				GENERATE_INFOPLIST_FILE = YES;
				INFOPLIST_KEY_NSHumanReadableCopyright = "";
				LD_RUNPATH_SEARCH_PATHS = (
					"$(inherited)",
					"@executable_path/../Frameworks",
				);
				MARKETING_VERSION = 1.0;
				PRODUCT_BUNDLE_IDENTIFIER = com.WriteIt;
				PRODUCT_NAME = "$(TARGET_NAME)";
				SWIFT_EMIT_LOC_STRINGS = YES;
				SWIFT_VERSION = 5.0;
			};
			name = Release;
		};
		18B3D98029D734D7003F22C1 /* Debug */ = {
			isa = XCBuildConfiguration;
			buildSettings = {
				ALWAYS_EMBED_SWIFT_STANDARD_LIBRARIES = YES;
				BUNDLE_LOADER = "$(TEST_HOST)";
				CODE_SIGN_STYLE = Automatic;
				CURRENT_PROJECT_VERSION = 1;
				GENERATE_INFOPLIST_FILE = YES;
				MACOSX_DEPLOYMENT_TARGET = 12.6;
				MARKETING_VERSION = 1.0;
				PRODUCT_BUNDLE_IDENTIFIER = com.WriteItTests;
				PRODUCT_NAME = "$(TARGET_NAME)";
				SWIFT_EMIT_LOC_STRINGS = NO;
				SWIFT_VERSION = 5.0;
				TEST_HOST = "$(BUILT_PRODUCTS_DIR)/WriteIt.app/$(BUNDLE_EXECUTABLE_FOLDER_PATH)/WriteIt";
			};
			name = Debug;
		};
		18B3D98129D734D7003F22C1 /* Release */ = {
			isa = XCBuildConfiguration;
			buildSettings = {
				ALWAYS_EMBED_SWIFT_STANDARD_LIBRARIES = YES;
				BUNDLE_LOADER = "$(TEST_HOST)";
				CODE_SIGN_STYLE = Automatic;
				CURRENT_PROJECT_VERSION = 1;
				GENERATE_INFOPLIST_FILE = YES;
				MACOSX_DEPLOYMENT_TARGET = 12.6;
				MARKETING_VERSION = 1.0;
				PRODUCT_BUNDLE_IDENTIFIER = com.WriteItTests;
				PRODUCT_NAME = "$(TARGET_NAME)";
				SWIFT_EMIT_LOC_STRINGS = NO;
				SWIFT_VERSION = 5.0;
				TEST_HOST = "$(BUILT_PRODUCTS_DIR)/WriteIt.app/$(BUNDLE_EXECUTABLE_FOLDER_PATH)/WriteIt";
			};
			name = Release;
		};
		18B3D98329D734D7003F22C1 /* Debug */ = {
			isa = XCBuildConfiguration;
			buildSettings = {
				ALWAYS_EMBED_SWIFT_STANDARD_LIBRARIES = YES;
				CODE_SIGN_STYLE = Automatic;
				CURRENT_PROJECT_VERSION = 1;
				GENERATE_INFOPLIST_FILE = YES;
				MARKETING_VERSION = 1.0;
				PRODUCT_BUNDLE_IDENTIFIER = com.WriteItUITests;
				PRODUCT_NAME = "$(TARGET_NAME)";
				SWIFT_EMIT_LOC_STRINGS = NO;
				SWIFT_VERSION = 5.0;
				TEST_TARGET_NAME = WriteIt;
			};
			name = Debug;
		};
		18B3D98429D734D7003F22C1 /* Release */ = {
			isa = XCBuildConfiguration;
			buildSettings = {
				ALWAYS_EMBED_SWIFT_STANDARD_LIBRARIES = YES;
				CODE_SIGN_STYLE = Automatic;
				CURRENT_PROJECT_VERSION = 1;
				GENERATE_INFOPLIST_FILE = YES;
				MARKETING_VERSION = 1.0;
				PRODUCT_BUNDLE_IDENTIFIER = com.WriteItUITests;
				PRODUCT_NAME = "$(TARGET_NAME)";
				SWIFT_EMIT_LOC_STRINGS = NO;
				SWIFT_VERSION = 5.0;
				TEST_TARGET_NAME = WriteIt;
			};
			name = Release;
		};
/* End XCBuildConfiguration section */

/* Begin XCConfigurationList section */
		18B3D95229D734CF003F22C1 /* Build configuration list for PBXProject "WriteIt" */ = {
			isa = XCConfigurationList;
			buildConfigurations = (
				18B3D97A29D734D7003F22C1 /* Debug */,
				18B3D97B29D734D7003F22C1 /* Release */,
			);
			defaultConfigurationIsVisible = 0;
			defaultConfigurationName = Release;
		};
		18B3D97C29D734D7003F22C1 /* Build configuration list for PBXNativeTarget "WriteIt" */ = {
			isa = XCConfigurationList;
			buildConfigurations = (
				18B3D97D29D734D7003F22C1 /* Debug */,
				18B3D97E29D734D7003F22C1 /* Release */,
			);
			defaultConfigurationIsVisible = 0;
			defaultConfigurationName = Release;
		};
		18B3D97F29D734D7003F22C1 /* Build configuration list for PBXNativeTarget "WriteItTests" */ = {
			isa = XCConfigurationList;
			buildConfigurations = (
				18B3D98029D734D7003F22C1 /* Debug */,
				18B3D98129D734D7003F22C1 /* Release */,
			);
			defaultConfigurationIsVisible = 0;
			defaultConfigurationName = Release;
		};
		18B3D98229D734D7003F22C1 /* Build configuration list for PBXNativeTarget "WriteItUITests" */ = {
			isa = XCConfigurationList;
			buildConfigurations = (
				18B3D98329D734D7003F22C1 /* Debug */,
				18B3D98429D734D7003F22C1 /* Release */,
			);
			defaultConfigurationIsVisible = 0;
			defaultConfigurationName = Release;
		};
/* End XCConfigurationList section */
	};
	rootObject = 18B3D94F29D734CF003F22C1 /* Project object */;
}
